// !$*UTF8*$!
{
	archiveVersion = 1;
	classes = {
	};
	objectVersion = 46;
	objects = {

/* Begin PBXBuildFile section */
		78C2F51B1ACCE1C2001E928F /* main.m in Sources */ = {isa = PBXBuildFile; fileRef = 78C2F51A1ACCE1C2001E928F /* main.m */; };
		78C2F51E1ACCE1C2001E928F /* AppDelegate.m in Sources */ = {isa = PBXBuildFile; fileRef = 78C2F51D1ACCE1C2001E928F /* AppDelegate.m */; };
		78C2F5211ACCE1C2001E928F /* ViewController.m in Sources */ = {isa = PBXBuildFile; fileRef = 78C2F5201ACCE1C2001E928F /* ViewController.m */; };
		78C2F5241ACCE1C2001E928F /* Main.storyboard in Resources */ = {isa = PBXBuildFile; fileRef = 78C2F5221ACCE1C2001E928F /* Main.storyboard */; };
		78C2F5261ACCE1C2001E928F /* Images.xcassets in Resources */ = {isa = PBXBuildFile; fileRef = 78C2F5251ACCE1C2001E928F /* Images.xcassets */; };
		78C2F5291ACCE1C2001E928F /* LaunchScreen.xib in Resources */ = {isa = PBXBuildFile; fileRef = 78C2F5271ACCE1C2001E928F /* LaunchScreen.xib */; };
		78C2F5351ACCE1C2001E928F /* XFrameworkAndToolTests.m in Sources */ = {isa = PBXBuildFile; fileRef = 78C2F5341ACCE1C2001E928F /* XFrameworkAndToolTests.m */; };
/* End PBXBuildFile section */

/* Begin PBXContainerItemProxy section */
		78C2F52F1ACCE1C2001E928F /* PBXContainerItemProxy */ = {
			isa = PBXContainerItemProxy;
			containerPortal = 78C2F50D1ACCE1C2001E928F /* Project object */;
			proxyType = 1;
			remoteGlobalIDString = 78C2F5141ACCE1C2001E928F;
			remoteInfo = XFrameworkAndTool;
		};
/* End PBXContainerItemProxy section */

/* Begin PBXFileReference section */
		78C2F5151ACCE1C2001E928F /* XFrameworkAndTool.app */ = {isa = PBXFileReference; explicitFileType = wrapper.application; includeInIndex = 0; path = XFrameworkAndTool.app; sourceTree = BUILT_PRODUCTS_DIR; };
		78C2F5191ACCE1C2001E928F /* Info.plist */ = {isa = PBXFileReference; lastKnownFileType = text.plist.xml; path = Info.plist; sourceTree = "<group>"; };
		78C2F51A1ACCE1C2001E928F /* main.m */ = {isa = PBXFileReference; lastKnownFileType = sourcecode.c.objc; path = main.m; sourceTree = "<group>"; };
		78C2F51C1ACCE1C2001E928F /* AppDelegate.h */ = {isa = PBXFileReference; lastKnownFileType = sourcecode.c.h; path = AppDelegate.h; sourceTree = "<group>"; };
		78C2F51D1ACCE1C2001E928F /* AppDelegate.m */ = {isa = PBXFileReference; lastKnownFileType = sourcecode.c.objc; path = AppDelegate.m; sourceTree = "<group>"; };
		78C2F51F1ACCE1C2001E928F /* ViewController.h */ = {isa = PBXFileReference; lastKnownFileType = sourcecode.c.h; path = ViewController.h; sourceTree = "<group>"; };
		78C2F5201ACCE1C2001E928F /* ViewController.m */ = {isa = PBXFileReference; lastKnownFileType = sourcecode.c.objc; path = ViewController.m; sourceTree = "<group>"; };
		78C2F5231ACCE1C2001E928F /* Base */ = {isa = PBXFileReference; lastKnownFileType = file.storyboard; name = Base; path = Base.lproj/Main.storyboard; sourceTree = "<group>"; };
		78C2F5251ACCE1C2001E928F /* Images.xcassets */ = {isa = PBXFileReference; lastKnownFileType = folder.assetcatalog; path = Images.xcassets; sourceTree = "<group>"; };
		78C2F5281ACCE1C2001E928F /* Base */ = {isa = PBXFileReference; lastKnownFileType = file.xib; name = Base; path = Base.lproj/LaunchScreen.xib; sourceTree = "<group>"; };
		78C2F52E1ACCE1C2001E928F /* XFrameworkAndToolTests.xctest */ = {isa = PBXFileReference; explicitFileType = wrapper.cfbundle; includeInIndex = 0; path = XFrameworkAndToolTests.xctest; sourceTree = BUILT_PRODUCTS_DIR; };
		78C2F5331ACCE1C2001E928F /* Info.plist */ = {isa = PBXFileReference; lastKnownFileType = text.plist.xml; path = Info.plist; sourceTree = "<group>"; };
		78C2F5341ACCE1C2001E928F /* XFrameworkAndToolTests.m */ = {isa = PBXFileReference; lastKnownFileType = sourcecode.c.objc; path = XFrameworkAndToolTests.m; sourceTree = "<group>"; };
/* End PBXFileReference section */

/* Begin PBXFrameworksBuildPhase section */
		78C2F5121ACCE1C2001E928F /* Frameworks */ = {
			isa = PBXFrameworksBuildPhase;
			buildActionMask = 2147483647;
			files = (
			);
			runOnlyForDeploymentPostprocessing = 0;
		};
		78C2F52B1ACCE1C2001E928F /* Frameworks */ = {
			isa = PBXFrameworksBuildPhase;
			buildActionMask = 2147483647;
			files = (
			);
			runOnlyForDeploymentPostprocessing = 0;
		};
/* End PBXFrameworksBuildPhase section */

/* Begin PBXGroup section */
		78C2F50C1ACCE1C2001E928F = {
			isa = PBXGroup;
			children = (
				78C2F5171ACCE1C2001E928F /* XFrameworkAndTool */,
				78C2F5311ACCE1C2001E928F /* XFrameworkAndToolTests */,
				78C2F5161ACCE1C2001E928F /* Products */,
			);
			sourceTree = "<group>";
		};
		78C2F5161ACCE1C2001E928F /* Products */ = {
			isa = PBXGroup;
			children = (
				78C2F5151ACCE1C2001E928F /* XFrameworkAndTool.app */,
				78C2F52E1ACCE1C2001E928F /* XFrameworkAndToolTests.xctest */,
			);
			name = Products;
			sourceTree = "<group>";
		};
		78C2F5171ACCE1C2001E928F /* XFrameworkAndTool */ = {
			isa = PBXGroup;
			children = (
				78C2F51C1ACCE1C2001E928F /* AppDelegate.h */,
				78C2F51D1ACCE1C2001E928F /* AppDelegate.m */,
				78C2F51F1ACCE1C2001E928F /* ViewController.h */,
				78C2F5201ACCE1C2001E928F /* ViewController.m */,
				78C2F5221ACCE1C2001E928F /* Main.storyboard */,
				78C2F5251ACCE1C2001E928F /* Images.xcassets */,
				78C2F5271ACCE1C2001E928F /* LaunchScreen.xib */,
				78C2F5181ACCE1C2001E928F /* Supporting Files */,
			);
			path = XFrameworkAndTool;
			sourceTree = "<group>";
		};
		78C2F5181ACCE1C2001E928F /* Supporting Files */ = {
			isa = PBXGroup;
			children = (
				78C2F5191ACCE1C2001E928F /* Info.plist */,
				78C2F51A1ACCE1C2001E928F /* main.m */,
			);
			name = "Supporting Files";
			sourceTree = "<group>";
		};
		78C2F5311ACCE1C2001E928F /* XFrameworkAndToolTests */ = {
			isa = PBXGroup;
			children = (
				78C2F5341ACCE1C2001E928F /* XFrameworkAndToolTests.m */,
				78C2F5321ACCE1C2001E928F /* Supporting Files */,
			);
			path = XFrameworkAndToolTests;
			sourceTree = "<group>";
		};
		78C2F5321ACCE1C2001E928F /* Supporting Files */ = {
			isa = PBXGroup;
			children = (
				78C2F5331ACCE1C2001E928F /* Info.plist */,
			);
			name = "Supporting Files";
			sourceTree = "<group>";
		};
/* End PBXGroup section */

/* Begin PBXNativeTarget section */
		78C2F5141ACCE1C2001E928F /* XFrameworkAndTool */ = {
			isa = PBXNativeTarget;
			buildConfigurationList = 78C2F5381ACCE1C2001E928F /* Build configuration list for PBXNativeTarget "XFrameworkAndTool" */;
			buildPhases = (
				78C2F5111ACCE1C2001E928F /* Sources */,
				78C2F5121ACCE1C2001E928F /* Frameworks */,
				78C2F5131ACCE1C2001E928F /* Resources */,
			);
			buildRules = (
			);
			dependencies = (
			);
			name = XFrameworkAndTool;
			productName = XFrameworkAndTool;
			productReference = 78C2F5151ACCE1C2001E928F /* XFrameworkAndTool.app */;
			productType = "com.apple.product-type.application";
		};
		78C2F52D1ACCE1C2001E928F /* XFrameworkAndToolTests */ = {
			isa = PBXNativeTarget;
			buildConfigurationList = 78C2F53B1ACCE1C2001E928F /* Build configuration list for PBXNativeTarget "XFrameworkAndToolTests" */;
			buildPhases = (
				78C2F52A1ACCE1C2001E928F /* Sources */,
				78C2F52B1ACCE1C2001E928F /* Frameworks */,
				78C2F52C1ACCE1C2001E928F /* Resources */,
			);
			buildRules = (
			);
			dependencies = (
				78C2F5301ACCE1C2001E928F /* PBXTargetDependency */,
			);
			name = XFrameworkAndToolTests;
			productName = XFrameworkAndToolTests;
			productReference = 78C2F52E1ACCE1C2001E928F /* XFrameworkAndToolTests.xctest */;
			productType = "com.apple.product-type.bundle.unit-test";
		};
/* End PBXNativeTarget section */

/* Begin PBXProject section */
		78C2F50D1ACCE1C2001E928F /* Project object */ = {
			isa = PBXProject;
			attributes = {
				LastUpgradeCheck = 0620;
				ORGANIZATIONNAME = hjpraul;
				TargetAttributes = {
					78C2F5141ACCE1C2001E928F = {
						CreatedOnToolsVersion = 6.2;
					};
					78C2F52D1ACCE1C2001E928F = {
						CreatedOnToolsVersion = 6.2;
						TestTargetID = 78C2F5141ACCE1C2001E928F;
					};
				};
			};
			buildConfigurationList = 78C2F5101ACCE1C2001E928F /* Build configuration list for PBXProject "XFrameworkAndTool" */;
			compatibilityVersion = "Xcode 3.2";
			developmentRegion = English;
			hasScannedForEncodings = 0;
			knownRegions = (
				en,
				Base,
			);
			mainGroup = 78C2F50C1ACCE1C2001E928F;
			productRefGroup = 78C2F5161ACCE1C2001E928F /* Products */;
			projectDirPath = "";
			projectRoot = "";
			targets = (
				78C2F5141ACCE1C2001E928F /* XFrameworkAndTool */,
				78C2F52D1ACCE1C2001E928F /* XFrameworkAndToolTests */,
			);
		};
/* End PBXProject section */

/* Begin PBXResourcesBuildPhase section */
		78C2F5131ACCE1C2001E928F /* Resources */ = {
			isa = PBXResourcesBuildPhase;
			buildActionMask = 2147483647;
			files = (
				78C2F5241ACCE1C2001E928F /* Main.storyboard in Resources */,
				78C2F5291ACCE1C2001E928F /* LaunchScreen.xib in Resources */,
				78C2F5261ACCE1C2001E928F /* Images.xcassets in Resources */,
			);
			runOnlyForDeploymentPostprocessing = 0;
		};
		78C2F52C1ACCE1C2001E928F /* Resources */ = {
			isa = PBXResourcesBuildPhase;
			buildActionMask = 2147483647;
			files = (
			);
			runOnlyForDeploymentPostprocessing = 0;
		};
/* End PBXResourcesBuildPhase section */

/* Begin PBXSourcesBuildPhase section */
		78C2F5111ACCE1C2001E928F /* Sources */ = {
			isa = PBXSourcesBuildPhase;
			buildActionMask = 2147483647;
			files = (
				78C2F5211ACCE1C2001E928F /* ViewController.m in Sources */,
				78C2F51E1ACCE1C2001E928F /* AppDelegate.m in Sources */,
				78C2F51B1ACCE1C2001E928F /* main.m in Sources */,
			);
			runOnlyForDeploymentPostprocessing = 0;
		};
		78C2F52A1ACCE1C2001E928F /* Sources */ = {
			isa = PBXSourcesBuildPhase;
			buildActionMask = 2147483647;
			files = (
				78C2F5351ACCE1C2001E928F /* XFrameworkAndToolTests.m in Sources */,
			);
			runOnlyForDeploymentPostprocessing = 0;
		};
/* End PBXSourcesBuildPhase section */

/* Begin PBXTargetDependency section */
		78C2F5301ACCE1C2001E928F /* PBXTargetDependency */ = {
			isa = PBXTargetDependency;
			target = 78C2F5141ACCE1C2001E928F /* XFrameworkAndTool */;
			targetProxy = 78C2F52F1ACCE1C2001E928F /* PBXContainerItemProxy */;
		};
/* End PBXTargetDependency section */

/* Begin PBXVariantGroup section */
		78C2F5221ACCE1C2001E928F /* Main.storyboard */ = {
			isa = PBXVariantGroup;
			children = (
				78C2F5231ACCE1C2001E928F /* Base */,
			);
			name = Main.storyboard;
			sourceTree = "<group>";
		};
		78C2F5271ACCE1C2001E928F /* LaunchScreen.xib */ = {
			isa = PBXVariantGroup;
			children = (
				78C2F5281ACCE1C2001E928F /* Base */,
			);
			name = LaunchScreen.xib;
			sourceTree = "<group>";
		};
/* End PBXVariantGroup section */

/* Begin XCBuildConfiguration section */
		78C2F5361ACCE1C2001E928F /* Debug */ = {
			isa = XCBuildConfiguration;
			buildSettings = {
				ALWAYS_SEARCH_USER_PATHS = NO;
				CLANG_CXX_LANGUAGE_STANDARD = "gnu++0x";
				CLANG_CXX_LIBRARY = "libc++";
				CLANG_ENABLE_MODULES = YES;
				CLANG_ENABLE_OBJC_ARC = YES;
				CLANG_WARN_BOOL_CONVERSION = YES;
				CLANG_WARN_CONSTANT_CONVERSION = YES;
				CLANG_WARN_DIRECT_OBJC_ISA_USAGE = YES_ERROR;
				CLANG_WARN_EMPTY_BODY = YES;
				CLANG_WARN_ENUM_CONVERSION = YES;
				CLANG_WARN_INT_CONVERSION = YES;
				CLANG_WARN_OBJC_ROOT_CLASS = YES_ERROR;
				CLANG_WARN_UNREACHABLE_CODE = YES;
				CLANG_WARN__DUPLICATE_METHOD_MATCH = YES;
				"CODE_SIGN_IDENTITY[sdk=iphoneos*]" = "iPhone Developer";
				COPY_PHASE_STRIP = NO;
				ENABLE_STRICT_OBJC_MSGSEND = YES;
				GCC_C_LANGUAGE_STANDARD = gnu99;
				GCC_DYNAMIC_NO_PIC = NO;
				GCC_OPTIMIZATION_LEVEL = 0;
				GCC_PREPROCESSOR_DEFINITIONS = (
					"DEBUG=1",
					"$(inherited)",
				);
				GCC_SYMBOLS_PRIVATE_EXTERN = NO;
				GCC_WARN_64_TO_32_BIT_CONVERSION = YES;
				GCC_WARN_ABOUT_RETURN_TYPE = YES_ERROR;
				GCC_WARN_UNDECLARED_SELECTOR = YES;
				GCC_WARN_UNINITIALIZED_AUTOS = YES_AGGRESSIVE;
				GCC_WARN_UNUSED_FUNCTION = YES;
				GCC_WARN_UNUSED_VARIABLE = YES;
				IPHONEOS_DEPLOYMENT_TARGET = 8.2;
				MTL_ENABLE_DEBUG_INFO = YES;
				ONLY_ACTIVE_ARCH = YES;
				SDKROOT = iphoneos;
			};
			name = Debug;
		};
		78C2F5371ACCE1C2001E928F /* Release */ = {
			isa = XCBuildConfiguration;
			buildSettings = {
				ALWAYS_SEARCH_USER_PATHS = NO;
				CLANG_CXX_LANGUAGE_STANDARD = "gnu++0x";
				CLANG_CXX_LIBRARY = "libc++";
				CLANG_ENABLE_MODULES = YES;
				CLANG_ENABLE_OBJC_ARC = YES;
				CLANG_WARN_BOOL_CONVERSION = YES;
				CLANG_WARN_CONSTANT_CONVERSION = YES;
				CLANG_WARN_DIRECT_OBJC_ISA_USAGE = YES_ERROR;
				CLANG_WARN_EMPTY_BODY = YES;
				CLANG_WARN_ENUM_CONVERSION = YES;
				CLANG_WARN_INT_CONVERSION = YES;
				CLANG_WARN_OBJC_ROOT_CLASS = YES_ERROR;
				CLANG_WARN_UNREACHABLE_CODE = YES;
				CLANG_WARN__DUPLICATE_METHOD_MATCH = YES;
				"CODE_SIGN_IDENTITY[sdk=iphoneos*]" = "iPhone Developer";
				COPY_PHASE_STRIP = NO;
				ENABLE_NS_ASSERTIONS = NO;
				ENABLE_STRICT_OBJC_MSGSEND = YES;
				GCC_C_LANGUAGE_STANDARD = gnu99;
				GCC_WARN_64_TO_32_BIT_CONVERSION = YES;
				GCC_WARN_ABOUT_RETURN_TYPE = YES_ERROR;
				GCC_WARN_UNDECLARED_SELECTOR = YES;
				GCC_WARN_UNINITIALIZED_AUTOS = YES_AGGRESSIVE;
				GCC_WARN_UNUSED_FUNCTION = YES;
				GCC_WARN_UNUSED_VARIABLE = YES;
				IPHONEOS_DEPLOYMENT_TARGET = 8.2;
				MTL_ENABLE_DEBUG_INFO = NO;
				SDKROOT = iphoneos;
				VALIDATE_PRODUCT = YES;
			};
			name = Release;
		};
		78C2F5391ACCE1C2001E928F /* Debug */ = {
			isa = XCBuildConfiguration;
			buildSettings = {
				ASSETCATALOG_COMPILER_APPICON_NAME = AppIcon;
				INFOPLIST_FILE = XFrameworkAndTool/Info.plist;
				LD_RUNPATH_SEARCH_PATHS = "$(inherited) @executable_path/Frameworks";
				PRODUCT_NAME = "$(TARGET_NAME)";
			};
			name = Debug;
		};
		78C2F53A1ACCE1C2001E928F /* Release */ = {
			isa = XCBuildConfiguration;
			buildSettings = {
				ASSETCATALOG_COMPILER_APPICON_NAME = AppIcon;
				INFOPLIST_FILE = XFrameworkAndTool/Info.plist;
				LD_RUNPATH_SEARCH_PATHS = "$(inherited) @executable_path/Frameworks";
				PRODUCT_NAME = "$(TARGET_NAME)";
			};
			name = Release;
		};
		78C2F53C1ACCE1C2001E928F /* Debug */ = {
			isa = XCBuildConfiguration;
			buildSettings = {
				BUNDLE_LOADER = "$(TEST_HOST)";
				FRAMEWORK_SEARCH_PATHS = (
					"$(SDKROOT)/Developer/Library/Frameworks",
					"$(inherited)",
				);
				GCC_PREPROCESSOR_DEFINITIONS = (
					"DEBUG=1",
					"$(inherited)",
				);
				INFOPLIST_FILE = XFrameworkAndToolTests/Info.plist;
				LD_RUNPATH_SEARCH_PATHS = "$(inherited) @executable_path/Frameworks @loader_path/Frameworks";
				PRODUCT_NAME = "$(TARGET_NAME)";
				TEST_HOST = "$(BUILT_PRODUCTS_DIR)/XFrameworkAndTool.app/XFrameworkAndTool";
			};
			name = Debug;
		};
		78C2F53D1ACCE1C2001E928F /* Release */ = {
			isa = XCBuildConfiguration;
			buildSettings = {
				BUNDLE_LOADER = "$(TEST_HOST)";
				FRAMEWORK_SEARCH_PATHS = (
					"$(SDKROOT)/Developer/Library/Frameworks",
					"$(inherited)",
				);
				INFOPLIST_FILE = XFrameworkAndToolTests/Info.plist;
				LD_RUNPATH_SEARCH_PATHS = "$(inherited) @executable_path/Frameworks @loader_path/Frameworks";
				PRODUCT_NAME = "$(TARGET_NAME)";
				TEST_HOST = "$(BUILT_PRODUCTS_DIR)/XFrameworkAndTool.app/XFrameworkAndTool";
			};
			name = Release;
		};
/* End XCBuildConfiguration section */

/* Begin XCConfigurationList section */
		78C2F5101ACCE1C2001E928F /* Build configuration list for PBXProject "XFrameworkAndTool" */ = {
			isa = XCConfigurationList;
			buildConfigurations = (
				78C2F5361ACCE1C2001E928F /* Debug */,
				78C2F5371ACCE1C2001E928F /* Release */,
			);
			defaultConfigurationIsVisible = 0;
			defaultConfigurationName = Release;
		};
		78C2F5381ACCE1C2001E928F /* Build configuration list for PBXNativeTarget "XFrameworkAndTool" */ = {
			isa = XCConfigurationList;
			buildConfigurations = (
				78C2F5391ACCE1C2001E928F /* Debug */,
				78C2F53A1ACCE1C2001E928F /* Release */,
			);
			defaultConfigurationIsVisible = 0;
		};
		78C2F53B1ACCE1C2001E928F /* Build configuration list for PBXNativeTarget "XFrameworkAndToolTests" */ = {
			isa = XCConfigurationList;
			buildConfigurations = (
				78C2F53C1ACCE1C2001E928F /* Debug */,
				78C2F53D1ACCE1C2001E928F /* Release */,
			);
			defaultConfigurationIsVisible = 0;
		};
/* End XCConfigurationList section */
	};
	rootObject = 78C2F50D1ACCE1C2001E928F /* Project object */;
}
